{
   "name": "semantic-rainbow",
   "version": "1.1.0",
   "lockfileVersion": 2,
   "requires": true,
   "packages": {
      "": {
         "name": "semantic-rainbow",
         "version": "1.1.0",
         "devDependencies": {
            "@types/node": "^16.9.1",
            "tinycolor2": "^1.4.2"
         },
         "engines": {
            "vscode": "^1.60.0"
         }
      },
      "node_modules/@types/node": {
         "version": "16.9.1",
         "resolved": "https://registry.npmjs.org/@types/node/-/node-16.9.1.tgz",
         "integrity": "sha512-QpLcX9ZSsq3YYUUnD3nFDY8H7wctAhQj/TFKL8Ya8v5fMm3CFXxo8zStsLAl780ltoYoo1WvKUVGBQK+1ifr7g==",
         "dev": true
      },
      "node_modules/tinycolor2": {
         "version": "1.4.2",
         "resolved": "https://registry.npmjs.org/tinycolor2/-/tinycolor2-1.4.2.tgz",
         "integrity": "sha512-vJhccZPs965sV/L2sU4oRQVAos0pQXwsvTLkWYdqJ+a8Q5kPFzJTuOFwy7UniPli44NKQGAglksjvOcpo95aZA==",
         "dev": true,
         "engines": {
            "node": "*"
         }
      }
   },
   "dependencies": {
      "@types/node": {
         "version": "16.9.1",
         "resolved": "https://registry.npmjs.org/@types/node/-/node-16.9.1.tgz",
         "integrity": "sha512-QpLcX9ZSsq3YYUUnD3nFDY8H7wctAhQj/TFKL8Ya8v5fMm3CFXxo8zStsLAl780ltoYoo1WvKUVGBQK+1ifr7g==",
         "dev": true
      },
      "tinycolor2": {
         "version": "1.4.2",
         "resolved": "https://registry.npmjs.org/tinycolor2/-/tinycolor2-1.4.2.tgz",
         "integrity": "sha512-vJhccZPs965sV/L2sU4oRQVAos0pQXwsvTLkWYdqJ+a8Q5kPFzJTuOFwy7UniPli44NKQGAglksjvOcpo95aZA==",
         "dev": true
      }
   }
}
